
Microsoft Visual Studio Solution File, Format Version 12.00
# Visual Studio Version 17
VisualStudioVersion = 17.14.36705.20
MinimumVisualStudioVersion = 10.0.40219.1
Project("{FAE04EC0-301F-11D3-BF4B-00C04F79EFBC}") = "Container", "Container\Container.csproj", "{0CDEB9A3-141B-49E8-9C4C-5590700DDE08}"
EndProject
Project("{FAE04EC0-301F-11D3-BF4B-00C04F79EFBC}") = "Container.Interfaces", "Container.Interfaces\Container.Interfaces.csproj", "{0B4F3BCB-14CF-40F4-B63F-D7D26126A616}"
EndProject
Project("{FAE04EC0-301F-11D3-BF4B-00C04F79EFBC}") = "Container.Impl", "Container.Impl\Container.Impl.csproj", "{CEF3A3C2-0438-43CA-A73C-61B33AD05AAE}"
EndProject
Global
	GlobalSection(SolutionConfigurationPlatforms) = preSolution
		Debug|Any CPU = Debug|Any CPU
		Release|Any CPU = Release|Any CPU
	EndGlobalSection
	GlobalSection(ProjectConfigurationPlatforms) = postSolution
		{0CDEB9A3-141B-49E8-9C4C-5590700DDE08}.Debug|Any CPU.ActiveCfg = Debug|Any CPU
		{0CDEB9A3-141B-49E8-9C4C-5590700DDE08}.Debug|Any CPU.Build.0 = Debug|Any CPU
		{0CDEB9A3-141B-49E8-9C4C-5590700DDE08}.Release|Any CPU.ActiveCfg = Release|Any CPU
		{0CDEB9A3-141B-49E8-9C4C-5590700DDE08}.Release|Any CPU.Build.0 = Release|Any CPU
		{0B4F3BCB-14CF-40F4-B63F-D7D26126A616}.Debug|Any CPU.ActiveCfg = Debug|Any CPU
		{0B4F3BCB-14CF-40F4-B63F-D7D26126A616}.Debug|Any CPU.Build.0 = Debug|Any CPU
		{0B4F3BCB-14CF-40F4-B63F-D7D26126A616}.Release|Any CPU.ActiveCfg = Release|Any CPU
		{0B4F3BCB-14CF-40F4-B63F-D7D26126A616}.Release|Any CPU.Build.0 = Release|Any CPU
		{CEF3A3C2-0438-43CA-A73C-61B33AD05AAE}.Debug|Any CPU.ActiveCfg = Debug|Any CPU
		{CEF3A3C2-0438-43CA-A73C-61B33AD05AAE}.Debug|Any CPU.Build.0 = Debug|Any CPU
		{CEF3A3C2-0438-43CA-A73C-61B33AD05AAE}.Release|Any CPU.ActiveCfg = Release|Any CPU
		{CEF3A3C2-0438-43CA-A73C-61B33AD05AAE}.Release|Any CPU.Build.0 = Release|Any CPU
	EndGlobalSection
	GlobalSection(SolutionProperties) = preSolution
		HideSolutionNode = FALSE
	EndGlobalSection
	GlobalSection(ExtensibilityGlobals) = postSolution
		SolutionGuid = {5C218037-C08B-40B5-A0BD-C6BFCEAD5787}
	EndGlobalSection
EndGlobal
