
Microsoft Visual Studio Solution File, Format Version 12.00
# Visual Studio Version 17
VisualStudioVersion = 17.14.37111.16 d17.14
MinimumVisualStudioVersion = 10.0.40219.1
Project("{FAE04EC0-301F-11D3-BF4B-00C04F79EFBC}") = "ConsoleApp", "ConsoleApp\ConsoleApp.csproj", "{DDC2D30B-4A42-452E-A904-81A31DF150B5}"
EndProject
Global
	GlobalSection(SolutionConfigurationPlatforms) = preSolution
		Debug|Any CPU = Debug|Any CPU
		Release|Any CPU = Release|Any CPU
	EndGlobalSection
	GlobalSection(ProjectConfigurationPlatforms) = postSolution
		{DDC2D30B-4A42-452E-A904-81A31DF150B5}.Debug|Any CPU.ActiveCfg = Debug|Any CPU
		{DDC2D30B-4A42-452E-A904-81A31DF150B5}.Debug|Any CPU.Build.0 = Debug|Any CPU
		{DDC2D30B-4A42-452E-A904-81A31DF150B5}.Release|Any CPU.ActiveCfg = Release|Any CPU
		{DDC2D30B-4A42-452E-A904-81A31DF150B5}.Release|Any CPU.Build.0 = Release|Any CPU
	EndGlobalSection
	GlobalSection(SolutionProperties) = preSolution
		HideSolutionNode = FALSE
	EndGlobalSection
	GlobalSection(ExtensibilityGlobals) = postSolution
		SolutionGuid = {326CEE94-3CD6-4668-B961-57F4BC167A4D}
	EndGlobalSection
EndGlobal
